Microsoft Visual Studio Solution File, Format Version 12.00
# Visual Studio 2012
Project("{FAE04EC0-301F-11D3-BF4B-00C04F79EFBC}") = "ALevelProj", "ALevelProj.csproj", "{B677CC56-928F-4B43-B25A-CC783172AC12}"
EndProject
Global
	GlobalSection(SolutionConfigurationPlatforms) = preSolution
	Debug|Any CPU = Debug|Any CPU
	ExportDebug|Any CPU = ExportDebug|Any CPU
	ExportRelease|Any CPU = ExportRelease|Any CPU
	EndGlobalSection
	GlobalSection(ProjectConfigurationPlatforms) = postSolution
		{B677CC56-928F-4B43-B25A-CC783172AC12}.Debug|Any CPU.ActiveCfg = Debug|Any CPU
		{B677CC56-928F-4B43-B25A-CC783172AC12}.Debug|Any CPU.Build.0 = Debug|Any CPU
		{B677CC56-928F-4B43-B25A-CC783172AC12}.ExportDebug|Any CPU.ActiveCfg = ExportDebug|Any CPU
		{B677CC56-928F-4B43-B25A-CC783172AC12}.ExportDebug|Any CPU.Build.0 = ExportDebug|Any CPU
		{B677CC56-928F-4B43-B25A-CC783172AC12}.ExportRelease|Any CPU.ActiveCfg = ExportRelease|Any CPU
		{B677CC56-928F-4B43-B25A-CC783172AC12}.ExportRelease|Any CPU.Build.0 = ExportRelease|Any CPU
	EndGlobalSection
EndGlobal
